
Microsoft Visual Studio Solution File, Format Version 12.00
# Visual Studio 2012
Project("{FAE04EC0-301F-11D3-BF4B-00C04F79EFBC}") = "EmguTest", "EmguTest\EmguTest.csproj", "{66ED4543-D94A-4C9A-807B-56CFC6A1B8BC}"
EndProject
Project("{FAE04EC0-301F-11D3-BF4B-00C04F79EFBC}") = "ImageDiff", "ImageDiff\ImageDiff.csproj", "{DC1F794E-F27E-4379-A913-610E55D8A730}"
EndProject
Global
	GlobalSection(SolutionConfigurationPlatforms) = preSolution
		Debug|Any CPU = Debug|Any CPU
		Release|Any CPU = Release|Any CPU
	EndGlobalSection
	GlobalSection(ProjectConfigurationPlatforms) = postSolution
		{66ED4543-D94A-4C9A-807B-56CFC6A1B8BC}.Debug|Any CPU.ActiveCfg = Debug|Any CPU
		{66ED4543-D94A-4C9A-807B-56CFC6A1B8BC}.Debug|Any CPU.Build.0 = Debug|Any CPU
		{66ED4543-D94A-4C9A-807B-56CFC6A1B8BC}.Release|Any CPU.ActiveCfg = Release|Any CPU
		{66ED4543-D94A-4C9A-807B-56CFC6A1B8BC}.Release|Any CPU.Build.0 = Release|Any CPU
		{DC1F794E-F27E-4379-A913-610E55D8A730}.Debug|Any CPU.ActiveCfg = Debug|Any CPU
		{DC1F794E-F27E-4379-A913-610E55D8A730}.Debug|Any CPU.Build.0 = Debug|Any CPU
		{DC1F794E-F27E-4379-A913-610E55D8A730}.Release|Any CPU.ActiveCfg = Release|Any CPU
		{DC1F794E-F27E-4379-A913-610E55D8A730}.Release|Any CPU.Build.0 = Release|Any CPU
	EndGlobalSection
	GlobalSection(SolutionProperties) = preSolution
		HideSolutionNode = FALSE
	EndGlobalSection
EndGlobal
